{
  "version": 4,
  "terraform_version": "1.16.0",
  "serial": 65,
  "lineage": "5c378a4b-0753-1a75-f1f7-024778954d06",
  "outputs": {
    "chunking_lambda_arn": {
      "value": "arn:aws:lambda:us-east-1:937749308355:function:concierge-conectaltel-chunking",
      "type": "string"
    },
    "chunking_lambda_name": {
      "value": "concierge-conectaltel-chunking",
      "type": "string"
    },
    "processed_bucket_arn": {
      "value": "arn:aws:s3:::concierge-conectaltel-processed",
      "type": "string"
    },
    "processed_bucket_name": {
      "value": "concierge-conectaltel-processed",
      "type": "string"
    },
    "raw_bucket_arn": {
      "value": "arn:aws:s3:::concierge-conectaltel-raw",
      "type": "string"
    },
    "raw_bucket_name": {
      "value": "concierge-conectaltel-raw",
      "type": "string"
    }
  },
  "resources": [
    {
      "mode": "data",
      "type": "archive_file",
      "name": "lambda_zip",
      "provider": "provider[\"registry.terraform.io/hashicorp/archive\"]",
      "instances": [
        {
          "schema_version": 0,
          "attributes": {
            "exclude_symlink_directories": null,
            "excludes": null,
            "id": "e7bcaaebb52a88e6c2992da36470009119ab7bc7",
            "output_base64sha256": "Or4pudtP/w6KEkSWzjPxdL0Fy2jkaD5M3Sy1hwFN5Xw=",
            "output_base64sha512": "C71gJQ9y1cJlMYq/acepC8Vk+/ka/bJ7LJiOkjvARirmyfm/Q0DqiP8ie8ibDRCU139/Z1iylKLFEtFfJtdFIQ==",
            "output_file_mode": null,
            "output_md5": "dfe245139044b1d94e7482f5a85f2a24",
            "output_path": "./lambda_function.zip",
            "output_sha": "e7bcaaebb52a88e6c2992da36470009119ab7bc7",
            "output_sha256": "3abe29b9db4fff0e8a124496ce33f174bd05cb68e4683e4cdd2cb587014de57c",
            "output_sha512": "0bbd60250f72d5c265318abf69c7a90bc564fbf91afdb27b2c988e923bc0462ae6c9f9bf4340ea88ff227bc89b0d1094d77f7f6758b294a2c512d15f26d74521",
            "output_size": 7234,
            "source": [],
            "source_content": null,
            "source_content_filename": null,
            "source_dir": "./../src/chunking",
            "source_file": null,
            "type": "zip"
          },
          "sensitive_attributes": [],
          "identity_schema_version": 0
        }
      ]
    },
    {
      "mode": "managed",
      "type": "aws_cloudwatch_log_group",
      "name": "lambda_log_group",
      "provider": "provider[\"registry.terraform.io/hashicorp/aws\"]",
      "instances": [
        {
          "schema_version": 0,
          "attributes": {
            "arn": "arn:aws:logs:us-east-1:937749308355:log-group:/aws/lambda/concierge-conectaltel-chunking",
            "id": "/aws/lambda/concierge-conectaltel-chunking",
            "kms_key_id": "",
            "log_group_class": "STANDARD",
            "name": "/aws/lambda/concierge-conectaltel-chunking",
            "name_prefix": "",
            "retention_in_days": 14,
            "skip_destroy": false,
            "tags": {},
            "tags_all": {
              "Environment": "dev",
              "ManagedBy": "Terraform",
              "Project": "concierge-conectaltel"
            }
          },
          "sensitive_attributes": [],
          "identity_schema_version": 0,
          "private": "eyJzY2hlbWFfdmVyc2lvbiI6IjAifQ=="
        }
      ]
    },
    {
      "mode": "managed",
      "type": "aws_iam_policy",
      "name": "lambda_policy",
      "provider": "provider[\"registry.terraform.io/hashicorp/aws\"]",
      "instances": [
        {
          "schema_version": 0,
          "attributes": {
            "arn": "arn:aws:iam::937749308355:policy/concierge-conectaltel-lambda-policy",
            "attachment_count": 1,
            "description": "IAM policy for ingestion Lambda to access S3 buckets and CloudWatch Logs",
            "id": "arn:aws:iam::937749308355:policy/concierge-conectaltel-lambda-policy",
            "name": "concierge-conectaltel-lambda-policy",
            "name_prefix": "",
            "path": "/",
            "policy": "{\"Statement\":[{\"Action\":[\"s3:GetObject\",\"s3:ListBucket\"],\"Effect\":\"Allow\",\"Resource\":[\"arn:aws:s3:::concierge-conectaltel-raw\",\"arn:aws:s3:::concierge-conectaltel-raw/*\"]},{\"Action\":[\"s3:PutObject\",\"s3:GetObject\",\"s3:ListBucket\"],\"Effect\":\"Allow\",\"Resource\":[\"arn:aws:s3:::concierge-conectaltel-processed\",\"arn:aws:s3:::concierge-conectaltel-processed/*\"]},{\"Action\":[\"logs:CreateLogGroup\",\"logs:CreateLogStream\",\"logs:PutLogEvents\"],\"Effect\":\"Allow\",\"Resource\":\"arn:aws:logs:*:*:*\"}],\"Version\":\"2012-10-17\"}",
            "policy_id": "ANPA5UVRW4PBSH6HDCB2L",
            "tags": {},
            "tags_all": {
              "Environment": "dev",
              "ManagedBy": "Terraform",
              "Project": "concierge-conectaltel"
            }
          },
          "sensitive_attributes": [],
          "identity_schema_version": 0,
          "private": "bnVsbA==",
          "dependencies": [
            "aws_s3_bucket.processed",
            "aws_s3_bucket.raw",
            "random_id.bucket_suffix"
          ]
        }
      ]
    },
    {
      "mode": "managed",
      "type": "aws_iam_role",
      "name": "lambda_exec",
      "provider": "provider[\"registry.terraform.io/hashicorp/aws\"]",
      "instances": [
        {
          "schema_version": 0,
          "attributes": {
            "arn": "arn:aws:iam::937749308355:role/concierge-conectaltel-lambda-role",
            "assume_role_policy": "{\"Statement\":[{\"Action\":\"sts:AssumeRole\",\"Effect\":\"Allow\",\"Principal\":{\"Service\":\"lambda.amazonaws.com\"}}],\"Version\":\"2012-10-17\"}",
            "create_date": "2026-08-28T17:11:56Z",
            "description": "",
            "force_detach_policies": false,
            "id": "concierge-conectaltel-lambda-role",
            "inline_policy": [],
            "managed_policy_arns": [
              "arn:aws:iam::937749308355:policy/concierge-conectaltel-lambda-policy"
            ],
            "max_session_duration": 3600,
            "name": "concierge-conectaltel-lambda-role",
            "name_prefix": "",
            "path": "/",
            "permissions_boundary": "",
            "tags": {},
            "tags_all": {
              "Environment": "dev",
              "ManagedBy": "Terraform",
              "Project": "concierge-conectaltel"
            },
            "unique_id": "AROA5UVRW4PB2ETKAM6JY"
          },
          "sensitive_attributes": [],
          "identity_schema_version": 0,
          "private": "bnVsbA=="
        }
      ]
    },
    {
      "mode": "managed",
      "type": "aws_iam_role_policy_attachment",
      "name": "lambda_attach",
      "provider": "provider[\"registry.terraform.io/hashicorp/aws\"]",
      "instances": [
        {
          "schema_version": 0,
          "attributes": {
            "id": "concierge-conectaltel-lambda-role-20260828171201116100000001",
            "policy_arn": "arn:aws:iam::937749308355:policy/concierge-conectaltel-lambda-policy",
            "role": "concierge-conectaltel-lambda-role"
          },
          "sensitive_attributes": [],
          "identity_schema_version": 0,
          "private": "bnVsbA==",
          "dependencies": [
            "aws_iam_policy.lambda_policy",
            "aws_iam_role.lambda_exec",
            "aws_s3_bucket.processed",
            "aws_s3_bucket.raw",
            "random_id.bucket_suffix"
          ]
        }
      ]
    },
    {
      "mode": "managed",
      "type": "aws_lambda_function",
      "name": "chunking",
      "provider": "provider[\"registry.terraform.io/hashicorp/aws\"]",
      "instances": [
        {
          "schema_version": 0,
          "attributes": {
            "architectures": [
              "x86_64"
            ],
            "arn": "arn:aws:lambda:us-east-1:937749308355:function:concierge-conectaltel-chunking",
            "code_sha256": "Or4pudtP/w6KEkSWzjPxdL0Fy2jkaD5M3Sy1hwFN5Xw=",
            "code_signing_config_arn": "",
            "dead_letter_config": [],
            "description": "",
            "environment": [
              {
                "variables": {
                  "INPUT_BUCKET_NAME": "concierge-conectaltel-processed",
                  "INPUT_PREFIX": "cleaned/",
                  "OUTPUT_BUCKET_NAME": "concierge-conectaltel-processed",
                  "OUTPUT_PREFIX": "chunks/"
                }
              }
            ],
            "ephemeral_storage": [
              {
                "size": 512
              }
            ],
            "file_system_config": [],
            "filename": "./lambda_function.zip",
            "function_name": "concierge-conectaltel-chunking",
            "handler": "lambda_function.lambda_handler",
            "id": "concierge-conectaltel-chunking",
            "image_config": [],
            "image_uri": "",
            "invoke_arn": "arn:aws:apigateway:us-east-1:lambda:path/2015-03-31/functions/arn:aws:lambda:us-east-1:937749308355:function:concierge-conectaltel-chunking/invocations",
            "kms_key_arn": "",
            "last_modified": "2026-08-28T19:27:19.000+0000",
            "layers": [],
            "logging_config": [
              {
                "application_log_level": "",
                "log_format": "Text",
                "log_group": "/aws/lambda/concierge-conectaltel-chunking",
                "system_log_level": ""
              }
            ],
            "memory_size": 256,
            "package_type": "Zip",
            "publish": false,
            "qualified_arn": "arn:aws:lambda:us-east-1:937749308355:function:concierge-conectaltel-chunking:$LATEST",
            "qualified_invoke_arn": "arn:aws:apigateway:us-east-1:lambda:path/2015-03-31/functions/arn:aws:lambda:us-east-1:937749308355:function:concierge-conectaltel-chunking:$LATEST/invocations",
            "replace_security_groups_on_destroy": null,
            "replacement_security_group_ids": null,
            "reserved_concurrent_executions": -1,
            "role": "arn:aws:iam::937749308355:role/concierge-conectaltel-lambda-role",
            "runtime": "python3.12",
            "s3_bucket": null,
            "s3_key": null,
            "s3_object_version": null,
            "signing_job_arn": "",
            "signing_profile_version_arn": "",
            "skip_destroy": false,
            "snap_start": [],
            "source_code_hash": "Or4pudtP/w6KEkSWzjPxdL0Fy2jkaD5M3Sy1hwFN5Xw=",
            "source_code_size": 7234,
            "tags": {},
            "tags_all": {
              "Environment": "dev",
              "ManagedBy": "Terraform",
              "Project": "concierge-conectaltel"
            },
            "timeout": 300,
            "timeouts": null,
            "tracing_config": [
              {
                "mode": "PassThrough"
              }
            ],
            "version": "$LATEST",
            "vpc_config": []
          },
          "sensitive_attributes": [],
          "identity_schema_version": 0,
          "private": "eyJlMmJmYjczMC1lY2FhLTExZTYtOGY4OC0zNDM2M2JjN2M0YzAiOnsiY3JlYXRlIjo2MDAwMDAwMDAwMDAsImRlbGV0ZSI6NjAwMDAwMDAwMDAwLCJ1cGRhdGUiOjYwMDAwMDAwMDAwMH19",
          "dependencies": [
            "aws_cloudwatch_log_group.lambda_log_group",
            "aws_iam_policy.lambda_policy",
            "aws_iam_role.lambda_exec",
            "aws_iam_role_policy_attachment.lambda_attach",
            "aws_s3_bucket.processed",
            "aws_s3_bucket.raw",
            "data.archive_file.lambda_zip",
            "random_id.bucket_suffix"
          ]
        }
      ]
    },
    {
      "mode": "managed",
      "type": "aws_lambda_permission",
      "name": "allow_s3_processed",
      "provider": "provider[\"registry.terraform.io/hashicorp/aws\"]",
      "instances": [
        {
          "schema_version": 0,
          "attributes": {
            "action": "lambda:InvokeFunction",
            "event_source_token": null,
            "function_name": "concierge-conectaltel-chunking",
            "function_url_auth_type": null,
            "id": "AllowExecutionFromS3Processed",
            "principal": "s3.amazonaws.com",
            "principal_org_id": null,
            "qualifier": "",
            "source_account": null,
            "source_arn": "arn:aws:s3:::concierge-conectaltel-processed",
            "statement_id": "AllowExecutionFromS3Processed",
            "statement_id_prefix": ""
          },
          "sensitive_attributes": [],
          "identity_schema_version": 0,
          "private": "bnVsbA==",
          "dependencies": [
            "aws_cloudwatch_log_group.lambda_log_group",
            "aws_iam_policy.lambda_policy",
            "aws_iam_role.lambda_exec",
            "aws_iam_role_policy_attachment.lambda_attach",
            "aws_lambda_function.chunking",
            "aws_s3_bucket.processed",
            "aws_s3_bucket.raw",
            "data.archive_file.lambda_zip",
            "random_id.bucket_suffix"
          ]
        }
      ]
    },
    {
      "mode": "managed",
      "type": "aws_s3_bucket",
      "name": "processed",
      "provider": "provider[\"registry.terraform.io/hashicorp/aws\"]",
      "instances": [
        {
          "schema_version": 0,
          "attributes": {
            "acceleration_status": "",
            "acl": null,
            "arn": "arn:aws:s3:::concierge-conectaltel-processed",
            "bucket": "concierge-conectaltel-processed",
            "bucket_domain_name": "concierge-conectaltel-processed.s3.amazonaws.com",
            "bucket_prefix": "",
            "bucket_regional_domain_name": "concierge-conectaltel-processed.s3.us-east-1.amazonaws.com",
            "cors_rule": [],
            "force_destroy": true,
            "grant": [
              {
                "id": "19a688583dd9967d71c269728c72951ff0e76a3460e66871db07d1208673291d",
                "permissions": [
                  "FULL_CONTROL"
                ],
                "type": "CanonicalUser",
                "uri": ""
              }
            ],
            "hosted_zone_id": "Z3AQBSTGFYJSTF",
            "id": "concierge-conectaltel-processed",
            "lifecycle_rule": [],
            "logging": [],
            "object_lock_configuration": [],
            "object_lock_enabled": false,
            "policy": "",
            "region": "us-east-1",
            "replication_configuration": [],
            "request_payer": "BucketOwner",
            "server_side_encryption_configuration": [
              {
                "rule": [
                  {
                    "apply_server_side_encryption_by_default": [
                      {
                        "kms_master_key_id": "",
                        "sse_algorithm": "AES256"
                      }
                    ],
                    "bucket_key_enabled": false
                  }
                ]
              }
            ],
            "tags": {},
            "tags_all": {
              "Environment": "dev",
              "ManagedBy": "Terraform",
              "Project": "concierge-conectaltel"
            },
            "timeouts": null,
            "versioning": [
              {
                "enabled": true,
                "mfa_delete": false
              }
            ],
            "website": [],
            "website_domain": null,
            "website_endpoint": null
          },
          "sensitive_attributes": [],
          "identity_schema_version": 0,
          "private": "eyJlMmJmYjczMC1lY2FhLTExZTYtOGY4OC0zNDM2M2JjN2M0YzAiOnsiY3JlYXRlIjoxMjAwMDAwMDAwMDAwLCJkZWxldGUiOjM2MDAwMDAwMDAwMDAsInJlYWQiOjEyMDAwMDAwMDAwMDAsInVwZGF0ZSI6MTIwMDAwMDAwMDAwMH19",
          "dependencies": [
            "random_id.bucket_suffix"
          ]
        }
      ]
    },
    {
      "mode": "managed",
      "type": "aws_s3_bucket",
      "name": "raw",
      "provider": "provider[\"registry.terraform.io/hashicorp/aws\"]",
      "instances": [
        {
          "schema_version": 0,
          "attributes": {
            "acceleration_status": "",
            "acl": null,
            "arn": "arn:aws:s3:::concierge-conectaltel-raw",
            "bucket": "concierge-conectaltel-raw",
            "bucket_domain_name": "concierge-conectaltel-raw.s3.amazonaws.com",
            "bucket_prefix": "",
            "bucket_regional_domain_name": "concierge-conectaltel-raw.s3.us-east-1.amazonaws.com",
            "cors_rule": [],
            "force_destroy": true,
            "grant": [
              {
                "id": "19a688583dd9967d71c269728c72951ff0e76a3460e66871db07d1208673291d",
                "permissions": [
                  "FULL_CONTROL"
                ],
                "type": "CanonicalUser",
                "uri": ""
              }
            ],
            "hosted_zone_id": "Z3AQBSTGFYJSTF",
            "id": "concierge-conectaltel-raw",
            "lifecycle_rule": [],
            "logging": [],
            "object_lock_configuration": [],
            "object_lock_enabled": false,
            "policy": "",
            "region": "us-east-1",
            "replication_configuration": [],
            "request_payer": "BucketOwner",
            "server_side_encryption_configuration": [
              {
                "rule": [
                  {
                    "apply_server_side_encryption_by_default": [
                      {
                        "kms_master_key_id": "",
                        "sse_algorithm": "AES256"
                      }
                    ],
                    "bucket_key_enabled": false
                  }
                ]
              }
            ],
            "tags": {},
            "tags_all": {
              "Environment": "dev",
              "ManagedBy": "Terraform",
              "Project": "concierge-conectaltel"
            },
            "timeouts": null,
            "versioning": [
              {
                "enabled": true,
                "mfa_delete": false
              }
            ],
            "website": [],
            "website_domain": null,
            "website_endpoint": null
          },
          "sensitive_attributes": [],
          "identity_schema_version": 0,
          "private": "eyJlMmJmYjczMC1lY2FhLTExZTYtOGY4OC0zNDM2M2JjN2M0YzAiOnsiY3JlYXRlIjoxMjAwMDAwMDAwMDAwLCJkZWxldGUiOjM2MDAwMDAwMDAwMDAsInJlYWQiOjEyMDAwMDAwMDAwMDAsInVwZGF0ZSI6MTIwMDAwMDAwMDAwMH19",
          "dependencies": [
            "random_id.bucket_suffix"
          ]
        }
      ]
    },
    {
      "mode": "managed",
      "type": "aws_s3_bucket_notification",
      "name": "processed_bucket_notification",
      "provider": "provider[\"registry.terraform.io/hashicorp/aws\"]",
      "instances": [
        {
          "schema_version": 0,
          "attributes": {
            "bucket": "concierge-conectaltel-processed",
            "eventbridge": false,
            "id": "concierge-conectaltel-processed",
            "lambda_function": [
              {
                "events": [
                  "s3:ObjectCreated:*"
                ],
                "filter_prefix": "cleaned/",
                "filter_suffix": ".jsonl",
                "id": "tf-s3-lambda-20260828192726676100000001",
                "lambda_function_arn": "arn:aws:lambda:us-east-1:937749308355:function:concierge-conectaltel-chunking"
              }
            ],
            "queue": [],
            "topic": []
          },
          "sensitive_attributes": [],
          "identity_schema_version": 0,
          "private": "bnVsbA==",
          "dependencies": [
            "aws_cloudwatch_log_group.lambda_log_group",
            "aws_iam_policy.lambda_policy",
            "aws_iam_role.lambda_exec",
            "aws_iam_role_policy_attachment.lambda_attach",
            "aws_lambda_function.chunking",
            "aws_lambda_permission.allow_s3_processed",
            "aws_s3_bucket.processed",
            "aws_s3_bucket.raw",
            "data.archive_file.lambda_zip",
            "random_id.bucket_suffix"
          ]
        }
      ]
    },
    {
      "mode": "managed",
      "type": "aws_s3_bucket_public_access_block",
      "name": "processed_pab",
      "provider": "provider[\"registry.terraform.io/hashicorp/aws\"]",
      "instances": [
        {
          "schema_version": 0,
          "attributes": {
            "block_public_acls": true,
            "block_public_policy": true,
            "bucket": "concierge-conectaltel-processed",
            "id": "concierge-conectaltel-processed",
            "ignore_public_acls": true,
            "restrict_public_buckets": true
          },
          "sensitive_attributes": [],
          "identity_schema_version": 0,
          "private": "bnVsbA==",
          "dependencies": [
            "aws_s3_bucket.processed",
            "random_id.bucket_suffix"
          ]
        }
      ]
    },
    {
      "mode": "managed",
      "type": "aws_s3_bucket_public_access_block",
      "name": "raw_pab",
      "provider": "provider[\"registry.terraform.io/hashicorp/aws\"]",
      "instances": [
        {
          "schema_version": 0,
          "attributes": {
            "block_public_acls": true,
            "block_public_policy": true,
            "bucket": "concierge-conectaltel-raw",
            "id": "concierge-conectaltel-raw",
            "ignore_public_acls": true,
            "restrict_public_buckets": true
          },
          "sensitive_attributes": [],
          "identity_schema_version": 0,
          "private": "bnVsbA==",
          "dependencies": [
            "aws_s3_bucket.raw",
            "random_id.bucket_suffix"
          ]
        }
      ]
    },
    {
      "mode": "managed",
      "type": "aws_s3_bucket_server_side_encryption_configuration",
      "name": "processed_crypto",
      "provider": "provider[\"registry.terraform.io/hashicorp/aws\"]",
      "instances": [
        {
          "schema_version": 0,
          "attributes": {
            "bucket": "concierge-conectaltel-processed",
            "expected_bucket_owner": "",
            "id": "concierge-conectaltel-processed",
            "rule": [
              {
                "apply_server_side_encryption_by_default": [
                  {
                    "kms_master_key_id": "",
                    "sse_algorithm": "AES256"
                  }
                ],
                "bucket_key_enabled": false
              }
            ]
          },
          "sensitive_attributes": [],
          "identity_schema_version": 0,
          "private": "bnVsbA==",
          "dependencies": [
            "aws_s3_bucket.processed",
            "random_id.bucket_suffix"
          ]
        }
      ]
    },
    {
      "mode": "managed",
      "type": "aws_s3_bucket_server_side_encryption_configuration",
      "name": "raw_crypto",
      "provider": "provider[\"registry.terraform.io/hashicorp/aws\"]",
      "instances": [
        {
          "schema_version": 0,
          "attributes": {
            "bucket": "concierge-conectaltel-raw",
            "expected_bucket_owner": "",
            "id": "concierge-conectaltel-raw",
            "rule": [
              {
                "apply_server_side_encryption_by_default": [
                  {
                    "kms_master_key_id": "",
                    "sse_algorithm": "AES256"
                  }
                ],
                "bucket_key_enabled": false
              }
            ]
          },
          "sensitive_attributes": [],
          "identity_schema_version": 0,
          "private": "bnVsbA==",
          "dependencies": [
            "aws_s3_bucket.raw",
            "random_id.bucket_suffix"
          ]
        }
      ]
    },
    {
      "mode": "managed",
      "type": "aws_s3_bucket_versioning",
      "name": "processed_versioning",
      "provider": "provider[\"registry.terraform.io/hashicorp/aws\"]",
      "instances": [
        {
          "schema_version": 0,
          "attributes": {
            "bucket": "concierge-conectaltel-processed",
            "expected_bucket_owner": "",
            "id": "concierge-conectaltel-processed",
            "mfa": null,
            "versioning_configuration": [
              {
                "mfa_delete": "",
                "status": "Enabled"
              }
            ]
          },
          "sensitive_attributes": [],
          "identity_schema_version": 0,
          "private": "bnVsbA==",
          "dependencies": [
            "aws_s3_bucket.processed",
            "random_id.bucket_suffix"
          ]
        }
      ]
    },
    {
      "mode": "managed",
      "type": "aws_s3_bucket_versioning",
      "name": "raw_versioning",
      "provider": "provider[\"registry.terraform.io/hashicorp/aws\"]",
      "instances": [
        {
          "schema_version": 0,
          "attributes": {
            "bucket": "concierge-conectaltel-raw",
            "expected_bucket_owner": "",
            "id": "concierge-conectaltel-raw",
            "mfa": null,
            "versioning_configuration": [
              {
                "mfa_delete": "",
                "status": "Enabled"
              }
            ]
          },
          "sensitive_attributes": [],
          "identity_schema_version": 0,
          "private": "bnVsbA==",
          "dependencies": [
            "aws_s3_bucket.raw",
            "random_id.bucket_suffix"
          ]
        }
      ]
    },
    {
      "mode": "managed",
      "type": "random_id",
      "name": "bucket_suffix",
      "provider": "provider[\"registry.terraform.io/hashicorp/random\"]",
      "instances": [
        {
          "schema_version": 0,
          "attributes": {
            "b64_std": "33xARw==",
            "b64_url": "33xARw",
            "byte_length": 4,
            "dec": "3749462087",
            "hex": "df7c4047",
            "id": "33xARw",
            "keepers": null,
            "prefix": null
          },
          "sensitive_attributes": [],
          "identity_schema_version": 0
        }
      ]
    }
  ],
  "check_results": null
}
